
Microsoft Visual Studio Solution File, Format Version 12.00
# Visual Studio Version 16
VisualStudioVersion = 16.0.29806.167
MinimumVisualStudioVersion = 10.0.40219.1
Project("{2150E333-8FDC-42A3-9474-1A3956D46DE8}") = "src", "src", "{04226074-C72F-42BC-AB02-4D70A7BAE7E1}"
EndProject
Project("{2150E333-8FDC-42A3-9474-1A3956D46DE8}") = "test", "test", "{F02D6513-6F45-452E-85A0-41A872A2C1F8}"
EndProject
Project("{9A19103F-16F7-4668-BE54-9A1E7A4F7556}") = "Serilog.Sinks.MSSqlServer", "src\Serilog.Sinks.MSSqlServer\Serilog.Sinks.MSSqlServer.csproj", "{803CD13A-D54B-4CEC-A55F-E22AE3D93B3C}"
EndProject
Project("{9A19103F-16F7-4668-BE54-9A1E7A4F7556}") = "Serilog.Sinks.MSSqlServer.Tests", "test\Serilog.Sinks.MSSqlServer.Tests\Serilog.Sinks.MSSqlServer.Tests.csproj", "{3C2D8E01-5580-426A-BDD9-EC59CD98E618}"
EndProject
Project("{2150E333-8FDC-42A3-9474-1A3956D46DE8}") = "sample", "sample", "{AA346332-5BAF-47F1-B8FB-7600ED61265D}"
EndProject
Project("{9A19103F-16F7-4668-BE54-9A1E7A4F7556}") = "CustomLogEventFormatterDemo", "sample\CustomLogEventFormatterDemo\CustomLogEventFormatterDemo.csproj", "{873320F1-8F6D-45E2-A853-D321C86793EC}"
EndProject
Project("{FAE04EC0-301F-11D3-BF4B-00C04F79EFBC}") = "AppConfigDemo", "sample\AppConfigDemo\AppConfigDemo.csproj", "{7DC530B1-68FD-4F07-A2F9-910C338562C1}"
EndProject
Project("{9A19103F-16F7-4668-BE54-9A1E7A4F7556}") = "WorkerServiceDemo", "sample\WorkerServiceDemo\WorkerServiceDemo.csproj", "{04F523D9-F00B-4C63-9287-31A244378E06}"
EndProject
Project("{9A19103F-16F7-4668-BE54-9A1E7A4F7556}") = "CombinedConfigDemo", "sample\CombinedConfigDemo\CombinedConfigDemo.csproj", "{98F21125-AF7A-46E8-8C08-E3E4F5DBEDB9}"
EndProject
Project("{2150E333-8FDC-42A3-9474-1A3956D46DE8}") = "Solution Items", "Solution Items", "{3C0AA8A2-9446-41A9-AD2A-24593C2CF168}"
	ProjectSection(SolutionItems) = preProject
		.editorconfig = .editorconfig
		appveyor.yml = appveyor.yml
		Build.ps1 = Build.ps1
		CHANGES.md = CHANGES.md
		README.md = README.md
	EndProjectSection
EndProject
Global
	GlobalSection(SolutionConfigurationPlatforms) = preSolution
		Debug|Any CPU = Debug|Any CPU
		Release|Any CPU = Release|Any CPU
	EndGlobalSection
	GlobalSection(ProjectConfigurationPlatforms) = postSolution
		{803CD13A-D54B-4CEC-A55F-E22AE3D93B3C}.Debug|Any CPU.ActiveCfg = Debug|Any CPU
		{803CD13A-D54B-4CEC-A55F-E22AE3D93B3C}.Debug|Any CPU.Build.0 = Debug|Any CPU
		{803CD13A-D54B-4CEC-A55F-E22AE3D93B3C}.Release|Any CPU.ActiveCfg = Release|Any CPU
		{803CD13A-D54B-4CEC-A55F-E22AE3D93B3C}.Release|Any CPU.Build.0 = Release|Any CPU
		{3C2D8E01-5580-426A-BDD9-EC59CD98E618}.Debug|Any CPU.ActiveCfg = Debug|Any CPU
		{3C2D8E01-5580-426A-BDD9-EC59CD98E618}.Debug|Any CPU.Build.0 = Debug|Any CPU
		{3C2D8E01-5580-426A-BDD9-EC59CD98E618}.Release|Any CPU.ActiveCfg = Release|Any CPU
		{3C2D8E01-5580-426A-BDD9-EC59CD98E618}.Release|Any CPU.Build.0 = Release|Any CPU
		{873320F1-8F6D-45E2-A853-D321C86793EC}.Debug|Any CPU.ActiveCfg = Debug|Any CPU
		{873320F1-8F6D-45E2-A853-D321C86793EC}.Debug|Any CPU.Build.0 = Debug|Any CPU
		{873320F1-8F6D-45E2-A853-D321C86793EC}.Release|Any CPU.ActiveCfg = Release|Any CPU
		{873320F1-8F6D-45E2-A853-D321C86793EC}.Release|Any CPU.Build.0 = Release|Any CPU
		{7DC530B1-68FD-4F07-A2F9-910C338562C1}.Debug|Any CPU.ActiveCfg = Debug|Any CPU
		{7DC530B1-68FD-4F07-A2F9-910C338562C1}.Debug|Any CPU.Build.0 = Debug|Any CPU
		{7DC530B1-68FD-4F07-A2F9-910C338562C1}.Release|Any CPU.ActiveCfg = Release|Any CPU
		{7DC530B1-68FD-4F07-A2F9-910C338562C1}.Release|Any CPU.Build.0 = Release|Any CPU
		{04F523D9-F00B-4C63-9287-31A244378E06}.Debug|Any CPU.ActiveCfg = Debug|Any CPU
		{04F523D9-F00B-4C63-9287-31A244378E06}.Debug|Any CPU.Build.0 = Debug|Any CPU
		{04F523D9-F00B-4C63-9287-31A244378E06}.Release|Any CPU.ActiveCfg = Release|Any CPU
		{04F523D9-F00B-4C63-9287-31A244378E06}.Release|Any CPU.Build.0 = Release|Any CPU
		{98F21125-AF7A-46E8-8C08-E3E4F5DBEDB9}.Debug|Any CPU.ActiveCfg = Debug|Any CPU
		{98F21125-AF7A-46E8-8C08-E3E4F5DBEDB9}.Debug|Any CPU.Build.0 = Debug|Any CPU
		{98F21125-AF7A-46E8-8C08-E3E4F5DBEDB9}.Release|Any CPU.ActiveCfg = Release|Any CPU
		{98F21125-AF7A-46E8-8C08-E3E4F5DBEDB9}.Release|Any CPU.Build.0 = Release|Any CPU
	EndGlobalSection
	GlobalSection(SolutionProperties) = preSolution
		HideSolutionNode = FALSE
	EndGlobalSection
	GlobalSection(NestedProjects) = preSolution
		{803CD13A-D54B-4CEC-A55F-E22AE3D93B3C} = {04226074-C72F-42BC-AB02-4D70A7BAE7E1}
		{3C2D8E01-5580-426A-BDD9-EC59CD98E618} = {F02D6513-6F45-452E-85A0-41A872A2C1F8}
		{873320F1-8F6D-45E2-A853-D321C86793EC} = {AA346332-5BAF-47F1-B8FB-7600ED61265D}
		{7DC530B1-68FD-4F07-A2F9-910C338562C1} = {AA346332-5BAF-47F1-B8FB-7600ED61265D}
		{04F523D9-F00B-4C63-9287-31A244378E06} = {AA346332-5BAF-47F1-B8FB-7600ED61265D}
		{98F21125-AF7A-46E8-8C08-E3E4F5DBEDB9} = {AA346332-5BAF-47F1-B8FB-7600ED61265D}
	EndGlobalSection
	GlobalSection(ExtensibilityGlobals) = postSolution
		SolutionGuid = {AAA6BF8D-7B53-4A5F-A79A-D1B306383B45}
	EndGlobalSection
EndGlobal
